
Microsoft Visual Studio Solution File, Format Version 12.00
# Visual Studio Version 17
VisualStudioVersion = 17.5.33530.505
MinimumVisualStudioVersion = 10.0.40219.1
Project("{2150E333-8FDC-42A3-9474-1A3956D46DE8}") = "Solution Items", "Solution Items", "{4130D21C-FE8F-4925-93E7-217B4AF1B7D9}"
	ProjectSection(SolutionItems) = preProject
		.editorconfig = .editorconfig
		..\doc\changelog.md = ..\doc\changelog.md
		..\readme.md = ..\readme.md
		SmartStandards.WebApiDependencies.AspNetCore.net10.0.Mandatory.nuspec = SmartStandards.WebApiDependencies.AspNetCore.net10.0.Mandatory.nuspec
		SmartStandards.WebApiDependencies.AspNetCore.net10.0.nuspec = SmartStandards.WebApiDependencies.AspNetCore.net10.0.nuspec
		SmartStandards.WebApiDependencies.net10.0.nuspec = SmartStandards.WebApiDependencies.net10.0.nuspec
	EndProjectSection
EndProject
Project("{2150E333-8FDC-42A3-9474-1A3956D46DE8}") = "src", "src", "{EFB5135D-039A-4D92-8FDD-9EA5D070F991}"
EndProject
Project("{FAE04EC0-301F-11D3-BF4B-00C04F79EFBC}") = "AspNetCoreTemplate", "src\AspNetCoreTemplate\AspNetCoreTemplate.csproj", "{39140008-EED8-4108-B107-EB946E01B9CA}"
EndProject
Project("{FAE04EC0-301F-11D3-BF4B-00C04F79EFBC}") = "WebApiDependencies.CheapInitializer", "src\WebApiDependencies.CheapInitializer\WebApiDependencies.CheapInitializer.csproj", "{B828F7D3-DD7C-4B38-2858-07594C635EFD}"
EndProject
Global
	GlobalSection(SolutionConfigurationPlatforms) = preSolution
		Debug|Any CPU = Debug|Any CPU
		Release|Any CPU = Release|Any CPU
	EndGlobalSection
	GlobalSection(ProjectConfigurationPlatforms) = postSolution
		{39140008-EED8-4108-B107-EB946E01B9CA}.Debug|Any CPU.ActiveCfg = Debug|Any CPU
		{39140008-EED8-4108-B107-EB946E01B9CA}.Debug|Any CPU.Build.0 = Debug|Any CPU
		{39140008-EED8-4108-B107-EB946E01B9CA}.Release|Any CPU.ActiveCfg = Release|Any CPU
		{39140008-EED8-4108-B107-EB946E01B9CA}.Release|Any CPU.Build.0 = Release|Any CPU
		{B828F7D3-DD7C-4B38-2858-07594C635EFD}.Debug|Any CPU.ActiveCfg = Debug|Any CPU
		{B828F7D3-DD7C-4B38-2858-07594C635EFD}.Debug|Any CPU.Build.0 = Debug|Any CPU
		{B828F7D3-DD7C-4B38-2858-07594C635EFD}.Release|Any CPU.ActiveCfg = Release|Any CPU
		{B828F7D3-DD7C-4B38-2858-07594C635EFD}.Release|Any CPU.Build.0 = Release|Any CPU
	EndGlobalSection
	GlobalSection(SolutionProperties) = preSolution
		HideSolutionNode = FALSE
	EndGlobalSection
	GlobalSection(NestedProjects) = preSolution
		{39140008-EED8-4108-B107-EB946E01B9CA} = {EFB5135D-039A-4D92-8FDD-9EA5D070F991}
		{B828F7D3-DD7C-4B38-2858-07594C635EFD} = {EFB5135D-039A-4D92-8FDD-9EA5D070F991}
	EndGlobalSection
	GlobalSection(ExtensibilityGlobals) = postSolution
		SolutionGuid = {D2F37C1D-32F0-4BF2-AAEB-46B9D8C07D23}
	EndGlobalSection
EndGlobal
